
Microsoft Visual Studio Solution File, Format Version 11.00
# Visual Studio 2010
Project("{FAE04EC0-301F-11D3-BF4B-00C04F79EFBC}") = "Pong", "Pong\Pong\Pong.csproj", "{4A789BBA-EBD3-4E3F-A14D-D9DA7624461F}"
EndProject
Project("{96E2B04D-8817-42C6-938A-82C39BA4D311}") = "PongContent", "Pong\PongContent\PongContent.contentproj", "{FB4C041F-55DE-4B73-ABD8-D1FC3CB3EA6C}"
EndProject
Global
	GlobalSection(SolutionConfigurationPlatforms) = preSolution
		Debug|x86 = Debug|x86
		Release|x86 = Release|x86
	EndGlobalSection
	GlobalSection(ProjectConfigurationPlatforms) = postSolution
		{4A789BBA-EBD3-4E3F-A14D-D9DA7624461F}.Debug|x86.ActiveCfg = Debug|x86
		{4A789BBA-EBD3-4E3F-A14D-D9DA7624461F}.Debug|x86.Build.0 = Debug|x86
		{4A789BBA-EBD3-4E3F-A14D-D9DA7624461F}.Release|x86.ActiveCfg = Release|x86
		{4A789BBA-EBD3-4E3F-A14D-D9DA7624461F}.Release|x86.Build.0 = Release|x86
		{FB4C041F-55DE-4B73-ABD8-D1FC3CB3EA6C}.Debug|x86.ActiveCfg = Debug|x86
		{FB4C041F-55DE-4B73-ABD8-D1FC3CB3EA6C}.Release|x86.ActiveCfg = Release|x86
	EndGlobalSection
	GlobalSection(SolutionProperties) = preSolution
		HideSolutionNode = FALSE
	EndGlobalSection
EndGlobal
